
Microsoft Visual Studio Solution File, Format Version 12.00
# Visual Studio Version 16
VisualStudioVersion = 16.0.30309.148
MinimumVisualStudioVersion = 10.0.40219.1
Project("{FAE04EC0-301F-11D3-BF4B-00C04F79EFBC}") = "Task 4.1.1 - File management system", "Task 4.1.1 - File management system\Task 4.1.1 - File management system.csproj", "{FE8B2D28-5D72-4DAD-BA1F-8E31B4259C4F}"
EndProject
Global
	GlobalSection(SolutionConfigurationPlatforms) = preSolution
		Debug|Any CPU = Debug|Any CPU
		Release|Any CPU = Release|Any CPU
	EndGlobalSection
	GlobalSection(ProjectConfigurationPlatforms) = postSolution
		{FE8B2D28-5D72-4DAD-BA1F-8E31B4259C4F}.Debug|Any CPU.ActiveCfg = Debug|Any CPU
		{FE8B2D28-5D72-4DAD-BA1F-8E31B4259C4F}.Debug|Any CPU.Build.0 = Debug|Any CPU
		{FE8B2D28-5D72-4DAD-BA1F-8E31B4259C4F}.Release|Any CPU.ActiveCfg = Release|Any CPU
		{FE8B2D28-5D72-4DAD-BA1F-8E31B4259C4F}.Release|Any CPU.Build.0 = Release|Any CPU
	EndGlobalSection
	GlobalSection(SolutionProperties) = preSolution
		HideSolutionNode = FALSE
	EndGlobalSection
	GlobalSection(ExtensibilityGlobals) = postSolution
		SolutionGuid = {98981B9A-02EB-4C37-A44F-5BFA60190742}
	EndGlobalSection
EndGlobal
